
Microsoft Visual Studio Solution File, Format Version 12.00
# Visual Studio Version 16
VisualStudioVersion = 16.0.29920.165
MinimumVisualStudioVersion = 10.0.40219.1
Project("{9A19103F-16F7-4668-BE54-9A1E7A4F7556}") = "Database", "Database\Database.csproj", "{923B2F02-3751-4514-A5BB-9A3B6568E2CF}"
EndProject
Project("{9A19103F-16F7-4668-BE54-9A1E7A4F7556}") = "Model", "Model\Model.csproj", "{F6A2D0F4-27F3-43DB-8E99-A67C5EEB1453}"
EndProject
Project("{9A19103F-16F7-4668-BE54-9A1E7A4F7556}") = "Web", "Web\Web.csproj", "{6D6AFB19-F8C4-4F2B-8316-7FE3A93B583B}"
EndProject
Project("{9A19103F-16F7-4668-BE54-9A1E7A4F7556}") = "IRepository", "IRepository\IRepository.csproj", "{CFFA7DAE-EF48-44C7-AAA8-FA5246B5575F}"
EndProject
Project("{9A19103F-16F7-4668-BE54-9A1E7A4F7556}") = "Repository", "Repository\Repository.csproj", "{37AA30C1-7C96-497C-BE3A-3A22756EBD75}"
EndProject
Project("{9A19103F-16F7-4668-BE54-9A1E7A4F7556}") = "IServices", "IServices\IServices.csproj", "{7C0B1051-F596-4516-A8F5-F7FB175AA34A}"
EndProject
Project("{9A19103F-16F7-4668-BE54-9A1E7A4F7556}") = "Services", "Services\Services.csproj", "{722A8329-2875-486F-9D3D-B5A359C8BEF5}"
EndProject
Project("{9A19103F-16F7-4668-BE54-9A1E7A4F7556}") = "Utils", "Utils\Utils.csproj", "{CF0E619D-5DB7-44EA-8655-542C31B1A7A8}"
EndProject
Project("{FAE04EC0-301F-11D3-BF4B-00C04F79EFBC}") = "Tests", "Tests\Tests.csproj", "{CCC50D4A-3E57-4182-807D-2AFB57C3773F}"
EndProject
Global
	GlobalSection(SolutionConfigurationPlatforms) = preSolution
		Debug|Any CPU = Debug|Any CPU
		Release|Any CPU = Release|Any CPU
	EndGlobalSection
	GlobalSection(ProjectConfigurationPlatforms) = postSolution
		{923B2F02-3751-4514-A5BB-9A3B6568E2CF}.Debug|Any CPU.ActiveCfg = Debug|Any CPU
		{923B2F02-3751-4514-A5BB-9A3B6568E2CF}.Debug|Any CPU.Build.0 = Debug|Any CPU
		{923B2F02-3751-4514-A5BB-9A3B6568E2CF}.Release|Any CPU.ActiveCfg = Release|Any CPU
		{923B2F02-3751-4514-A5BB-9A3B6568E2CF}.Release|Any CPU.Build.0 = Release|Any CPU
		{F6A2D0F4-27F3-43DB-8E99-A67C5EEB1453}.Debug|Any CPU.ActiveCfg = Debug|Any CPU
		{F6A2D0F4-27F3-43DB-8E99-A67C5EEB1453}.Debug|Any CPU.Build.0 = Debug|Any CPU
		{F6A2D0F4-27F3-43DB-8E99-A67C5EEB1453}.Release|Any CPU.ActiveCfg = Release|Any CPU
		{F6A2D0F4-27F3-43DB-8E99-A67C5EEB1453}.Release|Any CPU.Build.0 = Release|Any CPU
		{6D6AFB19-F8C4-4F2B-8316-7FE3A93B583B}.Debug|Any CPU.ActiveCfg = Debug|Any CPU
		{6D6AFB19-F8C4-4F2B-8316-7FE3A93B583B}.Debug|Any CPU.Build.0 = Debug|Any CPU
		{6D6AFB19-F8C4-4F2B-8316-7FE3A93B583B}.Release|Any CPU.ActiveCfg = Release|Any CPU
		{6D6AFB19-F8C4-4F2B-8316-7FE3A93B583B}.Release|Any CPU.Build.0 = Release|Any CPU
		{CFFA7DAE-EF48-44C7-AAA8-FA5246B5575F}.Debug|Any CPU.ActiveCfg = Debug|Any CPU
		{CFFA7DAE-EF48-44C7-AAA8-FA5246B5575F}.Debug|Any CPU.Build.0 = Debug|Any CPU
		{CFFA7DAE-EF48-44C7-AAA8-FA5246B5575F}.Release|Any CPU.ActiveCfg = Release|Any CPU
		{CFFA7DAE-EF48-44C7-AAA8-FA5246B5575F}.Release|Any CPU.Build.0 = Release|Any CPU
		{37AA30C1-7C96-497C-BE3A-3A22756EBD75}.Debug|Any CPU.ActiveCfg = Debug|Any CPU
		{37AA30C1-7C96-497C-BE3A-3A22756EBD75}.Debug|Any CPU.Build.0 = Debug|Any CPU
		{37AA30C1-7C96-497C-BE3A-3A22756EBD75}.Release|Any CPU.ActiveCfg = Release|Any CPU
		{37AA30C1-7C96-497C-BE3A-3A22756EBD75}.Release|Any CPU.Build.0 = Release|Any CPU
		{7C0B1051-F596-4516-A8F5-F7FB175AA34A}.Debug|Any CPU.ActiveCfg = Debug|Any CPU
		{7C0B1051-F596-4516-A8F5-F7FB175AA34A}.Debug|Any CPU.Build.0 = Debug|Any CPU
		{7C0B1051-F596-4516-A8F5-F7FB175AA34A}.Release|Any CPU.ActiveCfg = Release|Any CPU
		{7C0B1051-F596-4516-A8F5-F7FB175AA34A}.Release|Any CPU.Build.0 = Release|Any CPU
		{722A8329-2875-486F-9D3D-B5A359C8BEF5}.Debug|Any CPU.ActiveCfg = Debug|Any CPU
		{722A8329-2875-486F-9D3D-B5A359C8BEF5}.Debug|Any CPU.Build.0 = Debug|Any CPU
		{722A8329-2875-486F-9D3D-B5A359C8BEF5}.Release|Any CPU.ActiveCfg = Release|Any CPU
		{722A8329-2875-486F-9D3D-B5A359C8BEF5}.Release|Any CPU.Build.0 = Release|Any CPU
		{CF0E619D-5DB7-44EA-8655-542C31B1A7A8}.Debug|Any CPU.ActiveCfg = Debug|Any CPU
		{CF0E619D-5DB7-44EA-8655-542C31B1A7A8}.Debug|Any CPU.Build.0 = Debug|Any CPU
		{CF0E619D-5DB7-44EA-8655-542C31B1A7A8}.Release|Any CPU.ActiveCfg = Release|Any CPU
		{CF0E619D-5DB7-44EA-8655-542C31B1A7A8}.Release|Any CPU.Build.0 = Release|Any CPU
		{CCC50D4A-3E57-4182-807D-2AFB57C3773F}.Debug|Any CPU.ActiveCfg = Debug|Any CPU
		{CCC50D4A-3E57-4182-807D-2AFB57C3773F}.Debug|Any CPU.Build.0 = Debug|Any CPU
		{CCC50D4A-3E57-4182-807D-2AFB57C3773F}.Release|Any CPU.ActiveCfg = Release|Any CPU
		{CCC50D4A-3E57-4182-807D-2AFB57C3773F}.Release|Any CPU.Build.0 = Release|Any CPU
	EndGlobalSection
	GlobalSection(SolutionProperties) = preSolution
		HideSolutionNode = FALSE
	EndGlobalSection
	GlobalSection(ExtensibilityGlobals) = postSolution
		SolutionGuid = {80CACAE2-46BF-484C-9DCA-85161CDDBDD1}
	EndGlobalSection
EndGlobal
